// !$*UTF8*$!
{
	archiveVersion = 1;
	classes = {
	};
	objectVersion = 48;
	objects = {

/* Begin PBXFileReference section */
		EC2D00BB21621D7C00E6E98A /* ft_countwords.c */ = {isa = PBXFileReference; lastKnownFileType = sourcecode.c.c; path = ft_countwords.c; sourceTree = "<group>"; };
		EC2D00BC21621D7C00E6E98A /* ft_strrchr.c */ = {isa = PBXFileReference; lastKnownFileType = sourcecode.c.c; path = ft_strrchr.c; sourceTree = "<group>"; };
		EC2D00BD21621D7C00E6E98A /* ft_copyuntil.c */ = {isa = PBXFileReference; lastKnownFileType = sourcecode.c.c; path = ft_copyuntil.c; sourceTree = "<group>"; };
		EC2D00BE21621D7C00E6E98A /* ft_lstnew.o */ = {isa = PBXFileReference; lastKnownFileType = "compiled.mach-o.objfile"; path = ft_lstnew.o; sourceTree = "<group>"; };
		EC2D00BF21621D7C00E6E98A /* ft_putstr.c */ = {isa = PBXFileReference; lastKnownFileType = sourcecode.c.c; path = ft_putstr.c; sourceTree = "<group>"; };
		EC2D00C021621D7C00E6E98A /* ft_strnew.o */ = {isa = PBXFileReference; lastKnownFileType = "compiled.mach-o.objfile"; path = ft_strnew.o; sourceTree = "<group>"; };
		EC2D00C121621D7C00E6E98A /* ft_strcmp.c */ = {isa = PBXFileReference; lastKnownFileType = sourcecode.c.c; path = ft_strcmp.c; sourceTree = "<group>"; };
		EC2D00C221621D7C00E6E98A /* ft_capitalize.c */ = {isa = PBXFileReference; lastKnownFileType = sourcecode.c.c; path = ft_capitalize.c; sourceTree = "<group>"; };
		EC2D00C321621D7C00E6E98A /* ft_lstadd.o */ = {isa = PBXFileReference; lastKnownFileType = "compiled.mach-o.objfile"; path = ft_lstadd.o; sourceTree = "<group>"; };
		EC2D00C421621D7C00E6E98A /* ft_strlcat.c */ = {isa = PBXFileReference; lastKnownFileType = sourcecode.c.c; path = ft_strlcat.c; sourceTree = "<group>"; };
		EC2D00C521621D7C00E6E98A /* .ft_strncpy.c.swp */ = {isa = PBXFileReference; lastKnownFileType = file; path = .ft_strncpy.c.swp; sourceTree = "<group>"; };
		EC2D00C621621D7C00E6E98A /* ft_strmapi.o */ = {isa = PBXFileReference; lastKnownFileType = "compiled.mach-o.objfile"; path = ft_strmapi.o; sourceTree = "<group>"; };
		EC2D00C721621D7C00E6E98A /* .DS_Store */ = {isa = PBXFileReference; lastKnownFileType = file; path = .DS_Store; sourceTree = "<group>"; };
		EC2D00C821621D7C00E6E98A /* ft_wcount.c */ = {isa = PBXFileReference; lastKnownFileType = sourcecode.c.c; path = ft_wcount.c; sourceTree = "<group>"; };
		EC2D00C921621D7C00E6E98A /* ft_memcpy.c */ = {isa = PBXFileReference; lastKnownFileType = sourcecode.c.c; path = ft_memcpy.c; sourceTree = "<group>"; };
		EC2D00CA21621D7C00E6E98A /* ft_realloc.c */ = {isa = PBXFileReference; lastKnownFileType = sourcecode.c.c; path = ft_realloc.c; sourceTree = "<group>"; };
		EC2D00CB21621D7C00E6E98A /* ft_strjoin.o */ = {isa = PBXFileReference; lastKnownFileType = "compiled.mach-o.objfile"; path = ft_strjoin.o; sourceTree = "<group>"; };
		EC2D00CC21621D7C00E6E98A /* ft_putnbr_fd.o */ = {isa = PBXFileReference; lastKnownFileType = "compiled.mach-o.objfile"; path = ft_putnbr_fd.o; sourceTree = "<group>"; };
		EC2D00CD21621D7C00E6E98A /* ft_lstdelone.o */ = {isa = PBXFileReference; lastKnownFileType = "compiled.mach-o.objfile"; path = ft_lstdelone.o; sourceTree = "<group>"; };
		EC2D00CE21621D7C00E6E98A /* ft_strncpy.o */ = {isa = PBXFileReference; lastKnownFileType = "compiled.mach-o.objfile"; path = ft_strncpy.o; sourceTree = "<group>"; };
		EC2D00CF21621D7C00E6E98A /* ft_memmove.c */ = {isa = PBXFileReference; lastKnownFileType = sourcecode.c.c; path = ft_memmove.c; sourceTree = "<group>"; };
		EC2D00D021621D7C00E6E98A /* ft_strsplit.c */ = {isa = PBXFileReference; lastKnownFileType = sourcecode.c.c; path = ft_strsplit.c; sourceTree = "<group>"; };
		EC2D00D121621D7C00E6E98A /* ft_strdup.o */ = {isa = PBXFileReference; lastKnownFileType = "compiled.mach-o.objfile"; path = ft_strdup.o; sourceTree = "<group>"; };
		EC2D00D221621D7C00E6E98A /* ft_strncpy.c */ = {isa = PBXFileReference; lastKnownFileType = sourcecode.c.c; path = ft_strncpy.c; sourceTree = "<group>"; };
		EC2D00D321621D7C00E6E98A /* ft_memmove.o */ = {isa = PBXFileReference; lastKnownFileType = "compiled.mach-o.objfile"; path = ft_memmove.o; sourceTree = "<group>"; };
		EC2D00D421621D7C00E6E98A /* ft_strchr.o */ = {isa = PBXFileReference; lastKnownFileType = "compiled.mach-o.objfile"; path = ft_strchr.o; sourceTree = "<group>"; };
		EC2D00D521621D7C00E6E98A /* ft_lstmap.c */ = {isa = PBXFileReference; lastKnownFileType = sourcecode.c.c; path = ft_lstmap.c; sourceTree = "<group>"; };
		EC2D00D621621D7C00E6E98A /* ft_wcount.o */ = {isa = PBXFileReference; lastKnownFileType = "compiled.mach-o.objfile"; path = ft_wcount.o; sourceTree = "<group>"; };
		EC2D00D721621D7C00E6E98A /* ft_lstadd.c */ = {isa = PBXFileReference; lastKnownFileType = sourcecode.c.c; path = ft_lstadd.c; sourceTree = "<group>"; };
		EC2D00D821621D7C00E6E98A /* ft_strjoinch.c */ = {isa = PBXFileReference; lastKnownFileType = sourcecode.c.c; path = ft_strjoinch.c; sourceTree = "<group>"; };
		EC2D00D921621D7C00E6E98A /* ft_striter.c */ = {isa = PBXFileReference; lastKnownFileType = sourcecode.c.c; path = ft_striter.c; sourceTree = "<group>"; };
		EC2D00DA21621D7C00E6E98A /* ft_putendl_fd.o */ = {isa = PBXFileReference; lastKnownFileType = "compiled.mach-o.objfile"; path = ft_putendl_fd.o; sourceTree = "<group>"; };
		EC2D00DB21621D7C00E6E98A /* ft_strstr.c */ = {isa = PBXFileReference; lastKnownFileType = sourcecode.c.c; path = ft_strstr.c; sourceTree = "<group>"; };
		EC2D00DC21621D7C00E6E98A /* ft_atoi.o */ = {isa = PBXFileReference; lastKnownFileType = "compiled.mach-o.objfile"; path = ft_atoi.o; sourceTree = "<group>"; };
		EC2D00DD21621D7C00E6E98A /* ft_isdigit.c */ = {isa = PBXFileReference; lastKnownFileType = sourcecode.c.c; path = ft_isdigit.c; sourceTree = "<group>"; };
		EC2D00DE21621D7C00E6E98A /* ft_free_array.c */ = {isa = PBXFileReference; lastKnownFileType = sourcecode.c.c; path = ft_free_array.c; sourceTree = "<group>"; };
		EC2D00DF21621D7C00E6E98A /* ft_memchr.o */ = {isa = PBXFileReference; lastKnownFileType = "compiled.mach-o.objfile"; path = ft_memchr.o; sourceTree = "<group>"; };
		EC2D00E021621D7C00E6E98A /* ft_putnbr.c */ = {isa = PBXFileReference; lastKnownFileType = sourcecode.c.c; path = ft_putnbr.c; sourceTree = "<group>"; };
		EC2D00E121621D7C00E6E98A /* ft_memccpy.c */ = {isa = PBXFileReference; lastKnownFileType = sourcecode.c.c; path = ft_memccpy.c; sourceTree = "<group>"; };
		EC2D00E221621D7C00E6E98A /* ft_strdel.c */ = {isa = PBXFileReference; lastKnownFileType = sourcecode.c.c; path = ft_strdel.c; sourceTree = "<group>"; };
		EC2D00E321621D7C00E6E98A /* .ft_bzero.c.swp */ = {isa = PBXFileReference; lastKnownFileType = file; path = .ft_bzero.c.swp; sourceTree = "<group>"; };
		EC2D00E421621D7C00E6E98A /* ft_lstdel.o */ = {isa = PBXFileReference; lastKnownFileType = "compiled.mach-o.objfile"; path = ft_lstdel.o; sourceTree = "<group>"; };
		EC2D00E521621D7C00E6E98A /* ft_isalpha.o */ = {isa = PBXFileReference; lastKnownFileType = "compiled.mach-o.objfile"; path = ft_isalpha.o; sourceTree = "<group>"; };
		EC2D00E621621D7C00E6E98A /* ft_strdel.o */ = {isa = PBXFileReference; lastKnownFileType = "compiled.mach-o.objfile"; path = ft_strdel.o; sourceTree = "<group>"; };
		EC2D00E721621D7C00E6E98A /* ft_lstmap.o */ = {isa = PBXFileReference; lastKnownFileType = "compiled.mach-o.objfile"; path = ft_lstmap.o; sourceTree = "<group>"; };
		EC2D00E821621D7C00E6E98A /* ft_memchr.c */ = {isa = PBXFileReference; lastKnownFileType = sourcecode.c.c; path = ft_memchr.c; sourceTree = "<group>"; };
		EC2D00E921621D7C00E6E98A /* ft_bzero.c */ = {isa = PBXFileReference; lastKnownFileType = sourcecode.c.c; path = ft_bzero.c; sourceTree = "<group>"; };
		EC2D00EA21621D7C00E6E98A /* ft_putendl.o */ = {isa = PBXFileReference; lastKnownFileType = "compiled.mach-o.objfile"; path = ft_putendl.o; sourceTree = "<group>"; };
		EC2D00EB21621D7C00E6E98A /* ft_isalnum.c */ = {isa = PBXFileReference; lastKnownFileType = sourcecode.c.c; path = ft_isalnum.c; sourceTree = "<group>"; };
		EC2D00EC21621D7C00E6E98A /* ft_isascii.o */ = {isa = PBXFileReference; lastKnownFileType = "compiled.mach-o.objfile"; path = ft_isascii.o; sourceTree = "<group>"; };
		EC2D00ED21621D7C00E6E98A /* ft_putstr_fd.c */ = {isa = PBXFileReference; lastKnownFileType = sourcecode.c.c; path = ft_putstr_fd.c; sourceTree = "<group>"; };
		EC2D00EE21621D7C00E6E98A /* ft_memcmp.o */ = {isa = PBXFileReference; lastKnownFileType = "compiled.mach-o.objfile"; path = ft_memcmp.o; sourceTree = "<group>"; };
		EC2D00EF21621D7C00E6E98A /* ft_countwords.o */ = {isa = PBXFileReference; lastKnownFileType = "compiled.mach-o.objfile"; path = ft_countwords.o; sourceTree = "<group>"; };
		EC2D00F021621D7C00E6E98A /* Makefile */ = {isa = PBXFileReference; lastKnownFileType = sourcecode.make; path = Makefile; sourceTree = "<group>"; };
		EC2D00F121621D7C00E6E98A /* ft_strcat.o */ = {isa = PBXFileReference; lastKnownFileType = "compiled.mach-o.objfile"; path = ft_strcat.o; sourceTree = "<group>"; };
		EC2D00F221621D7C00E6E98A /* ft_memset.o */ = {isa = PBXFileReference; lastKnownFileType = "compiled.mach-o.objfile"; path = ft_memset.o; sourceTree = "<group>"; };
		EC2D00F321621D7C00E6E98A /* ft_lstiter.c */ = {isa = PBXFileReference; lastKnownFileType = sourcecode.c.c; path = ft_lstiter.c; sourceTree = "<group>"; };
		EC2D00F421621D7C00E6E98A /* ft_lstdelone.c */ = {isa = PBXFileReference; lastKnownFileType = sourcecode.c.c; path = ft_lstdelone.c; sourceTree = "<group>"; };
		EC2D00F521621D7C00E6E98A /* ft_toupper.c */ = {isa = PBXFileReference; lastKnownFileType = sourcecode.c.c; path = ft_toupper.c; sourceTree = "<group>"; };
		EC2D00F621621D7C00E6E98A /* ft_isprint.o */ = {isa = PBXFileReference; lastKnownFileType = "compiled.mach-o.objfile"; path = ft_isprint.o; sourceTree = "<group>"; };
		EC2D00F721621D7C00E6E98A /* ft_strcpy.c */ = {isa = PBXFileReference; lastKnownFileType = sourcecode.c.c; path = ft_strcpy.c; sourceTree = "<group>"; };
		EC2D00F821621D7C00E6E98A /* ft_lstnew.c */ = {isa = PBXFileReference; lastKnownFileType = sourcecode.c.c; path = ft_lstnew.c; sourceTree = "<group>"; };
		EC2D00F921621D7C00E6E98A /* ft_lstiter.o */ = {isa = PBXFileReference; lastKnownFileType = "compiled.mach-o.objfile"; path = ft_lstiter.o; sourceTree = "<group>"; };
		EC2D00FA21621D7C00E6E98A /* ft_strdup.c */ = {isa = PBXFileReference; lastKnownFileType = sourcecode.c.c; path = ft_strdup.c; sourceTree = "<group>"; };
		EC2D00FB21621D7C00E6E98A /* ft_putnbr_fd.c */ = {isa = PBXFileReference; lastKnownFileType = sourcecode.c.c; path = ft_putnbr_fd.c; sourceTree = "<group>"; };
		EC2D00FC21621D7C00E6E98A /* ft_itoa.o */ = {isa = PBXFileReference; lastKnownFileType = "compiled.mach-o.objfile"; path = ft_itoa.o; sourceTree = "<group>"; };
		EC2D00FD21621D7C00E6E98A /* ft_striteri.c */ = {isa = PBXFileReference; lastKnownFileType = sourcecode.c.c; path = ft_striteri.c; sourceTree = "<group>"; };
		EC2D00FE21621D7C00E6E98A /* ft_putnbr.o */ = {isa = PBXFileReference; lastKnownFileType = "compiled.mach-o.objfile"; path = ft_putnbr.o; sourceTree = "<group>"; };
		EC2D00FF21621D7C00E6E98A /* ft_strmap.c */ = {isa = PBXFileReference; lastKnownFileType = sourcecode.c.c; path = ft_strmap.c; sourceTree = "<group>"; };
		EC2D010021621D7C00E6E98A /* ft_putendl_fd.c */ = {isa = PBXFileReference; lastKnownFileType = sourcecode.c.c; path = ft_putendl_fd.c; sourceTree = "<group>"; };
		EC2D010121621D7C00E6E98A /* ft_memdel.c */ = {isa = PBXFileReference; lastKnownFileType = sourcecode.c.c; path = ft_memdel.c; sourceTree = "<group>"; };
		EC2D010221621D7C00E6E98A /* ft_strnstr.c */ = {isa = PBXFileReference; lastKnownFileType = sourcecode.c.c; path = ft_strnstr.c; sourceTree = "<group>"; };
		EC2D010321621D7C00E6E98A /* ft_putchar.c */ = {isa = PBXFileReference; lastKnownFileType = sourcecode.c.c; path = ft_putchar.c; sourceTree = "<group>"; };
		EC2D010421621D7C00E6E98A /* ft_memccpy.o */ = {isa = PBXFileReference; lastKnownFileType = "compiled.mach-o.objfile"; path = ft_memccpy.o; sourceTree = "<group>"; };
		EC2D010521621D7C00E6E98A /* author */ = {isa = PBXFileReference; lastKnownFileType = text; path = author; sourceTree = "<group>"; };
		EC2D010621621D7C00E6E98A /* ft_isascii.c */ = {isa = PBXFileReference; lastKnownFileType = sourcecode.c.c; path = ft_isascii.c; sourceTree = "<group>"; };
		EC2D010721621D7C00E6E98A /* ft_strlen.c */ = {isa = PBXFileReference; lastKnownFileType = sourcecode.c.c; path = ft_strlen.c; sourceTree = "<group>"; };
		EC2D010821621D7C00E6E98A /* ft_isalnum.o */ = {isa = PBXFileReference; lastKnownFileType = "compiled.mach-o.objfile"; path = ft_isalnum.o; sourceTree = "<group>"; };
		EC2D010921621D7C00E6E98A /* ft_strsub.c */ = {isa = PBXFileReference; lastKnownFileType = sourcecode.c.c; path = ft_strsub.c; sourceTree = "<group>"; };
		EC2D010A21621D7C00E6E98A /* ft_putstr.o */ = {isa = PBXFileReference; lastKnownFileType = "compiled.mach-o.objfile"; path = ft_putstr.o; sourceTree = "<group>"; };
		EC2D010B21621D7C00E6E98A /* ft_strrchr.o */ = {isa = PBXFileReference; lastKnownFileType = "compiled.mach-o.objfile"; path = ft_strrchr.o; sourceTree = "<group>"; };
		EC2D010C21621D7C00E6E98A /* ft_strnew.c */ = {isa = PBXFileReference; lastKnownFileType = sourcecode.c.c; path = ft_strnew.c; sourceTree = "<group>"; };
		EC2D010D21621D7C00E6E98A /* ft_memalloc.o */ = {isa = PBXFileReference; lastKnownFileType = "compiled.mach-o.objfile"; path = ft_memalloc.o; sourceTree = "<group>"; };
		EC2D010E21621D7C00E6E98A /* ft_memalloc.c */ = {isa = PBXFileReference; lastKnownFileType = sourcecode.c.c; path = ft_memalloc.c; sourceTree = "<group>"; };
		EC2D010F21621D7C00E6E98A /* ft_putendl.c */ = {isa = PBXFileReference; lastKnownFileType = sourcecode.c.c; path = ft_putendl.c; sourceTree = "<group>"; };
		EC2D011021621D7C00E6E98A /* ft_strclr.o */ = {isa = PBXFileReference; lastKnownFileType = "compiled.mach-o.objfile"; path = ft_strclr.o; sourceTree = "<group>"; };
		EC2D011121621D7C00E6E98A /* ft_strlcat.o */ = {isa = PBXFileReference; lastKnownFileType = "compiled.mach-o.objfile"; path = ft_strlcat.o; sourceTree = "<group>"; };
		EC2D011221621D7C00E6E98A /* ft_strncat.c */ = {isa = PBXFileReference; lastKnownFileType = sourcecode.c.c; path = ft_strncat.c; sourceTree = "<group>"; };
		EC2D011321621D7C00E6E98A /* ft_itoa.c */ = {isa = PBXFileReference; lastKnownFileType = sourcecode.c.c; path = ft_itoa.c; sourceTree = "<group>"; };
		EC2D011421621D7C00E6E98A /* ft_strsub.o */ = {isa = PBXFileReference; lastKnownFileType = "compiled.mach-o.objfile"; path = ft_strsub.o; sourceTree = "<group>"; };
		EC2D011521621D7C00E6E98A /* ft_strstr.o */ = {isa = PBXFileReference; lastKnownFileType = "compiled.mach-o.objfile"; path = ft_strstr.o; sourceTree = "<group>"; };
		EC2D011621621D7C00E6E98A /* ft_strmap.o */ = {isa = PBXFileReference; lastKnownFileType = "compiled.mach-o.objfile"; path = ft_strmap.o; sourceTree = "<group>"; };
		EC2D011721621D7C00E6E98A /* ft_strncmp.c */ = {isa = PBXFileReference; lastKnownFileType = sourcecode.c.c; path = ft_strncmp.c; sourceTree = "<group>"; };
		EC2D011821621D7C00E6E98A /* ft_isdigit.o */ = {isa = PBXFileReference; lastKnownFileType = "compiled.mach-o.objfile"; path = ft_isdigit.o; sourceTree = "<group>"; };
		EC2D011921621D7C00E6E98A /* ft_strncmp.o */ = {isa = PBXFileReference; lastKnownFileType = "compiled.mach-o.objfile"; path = ft_strncmp.o; sourceTree = "<group>"; };
		EC2D011A21621D7C00E6E98A /* ft_memcmp.c */ = {isa = PBXFileReference; lastKnownFileType = sourcecode.c.c; path = ft_memcmp.c; sourceTree = "<group>"; };
		EC2D011B21621D7C00E6E98A /* ft_putchar.o */ = {isa = PBXFileReference; lastKnownFileType = "compiled.mach-o.objfile"; path = ft_putchar.o; sourceTree = "<group>"; };
		EC2D011C21621D7C00E6E98A /* ft_strtrim.c */ = {isa = PBXFileReference; lastKnownFileType = sourcecode.c.c; path = ft_strtrim.c; sourceTree = "<group>"; };
		EC2D011D21621D7C00E6E98A /* ft_strequ.c */ = {isa = PBXFileReference; lastKnownFileType = sourcecode.c.c; path = ft_strequ.c; sourceTree = "<group>"; };
		EC2D011E21621D7C00E6E98A /* ft_putchar_fd.c */ = {isa = PBXFileReference; lastKnownFileType = sourcecode.c.c; path = ft_putchar_fd.c; sourceTree = "<group>"; };
		EC2D011F21621D7C00E6E98A /* ft_memset.c */ = {isa = PBXFileReference; lastKnownFileType = sourcecode.c.c; path = ft_memset.c; sourceTree = "<group>"; };
		EC2D012021621D7C00E6E98A /* ft_isalpha.c */ = {isa = PBXFileReference; lastKnownFileType = sourcecode.c.c; path = ft_isalpha.c; sourceTree = "<group>"; };
		EC2D012121621D7C00E6E98A /* ft_strcat.c */ = {isa = PBXFileReference; lastKnownFileType = sourcecode.c.c; path = ft_strcat.c; sourceTree = "<group>"; };
		EC2D012221621D7C00E6E98A /* ft_tolower.c */ = {isa = PBXFileReference; lastKnownFileType = sourcecode.c.c; path = ft_tolower.c; sourceTree = "<group>"; };
		EC2D012321621D7C00E6E98A /* ft_toupper.o */ = {isa = PBXFileReference; lastKnownFileType = "compiled.mach-o.objfile"; path = ft_toupper.o; sourceTree = "<group>"; };
		EC2D012421621D7C00E6E98A /* ft_striteri.o */ = {isa = PBXFileReference; lastKnownFileType = "compiled.mach-o.objfile"; path = ft_striteri.o; sourceTree = "<group>"; };
		EC2D012521621D7C00E6E98A /* ft_memdel.o */ = {isa = PBXFileReference; lastKnownFileType = "compiled.mach-o.objfile"; path = ft_memdel.o; sourceTree = "<group>"; };
		EC2D012621621D7C00E6E98A /* ft_strsplit.o */ = {isa = PBXFileReference; lastKnownFileType = "compiled.mach-o.objfile"; path = ft_strsplit.o; sourceTree = "<group>"; };
		EC2D012721621D7C00E6E98A /* ft_strnequ.c */ = {isa = PBXFileReference; lastKnownFileType = sourcecode.c.c; path = ft_strnequ.c; sourceTree = "<group>"; };
		EC2D012821621D7C00E6E98A /* ft_strjoin.c */ = {isa = PBXFileReference; lastKnownFileType = sourcecode.c.c; path = ft_strjoin.c; sourceTree = "<group>"; };
		EC2D012921621D7C00E6E98A /* ft_atoi.c */ = {isa = PBXFileReference; lastKnownFileType = sourcecode.c.c; path = ft_atoi.c; sourceTree = "<group>"; };
		EC2D012A21621D7C00E6E98A /* includes */ = {isa = PBXFileReference; lastKnownFileType = folder; path = includes; sourceTree = "<group>"; };
		EC2D012B21621D7C00E6E98A /* ft_strclr.c */ = {isa = PBXFileReference; lastKnownFileType = sourcecode.c.c; path = ft_strclr.c; sourceTree = "<group>"; };
		EC2D012C21621D7C00E6E98A /* ft_bzero.o */ = {isa = PBXFileReference; lastKnownFileType = "compiled.mach-o.objfile"; path = ft_bzero.o; sourceTree = "<group>"; };
		EC2D012D21621D7C00E6E98A /* ft_strlen.o */ = {isa = PBXFileReference; lastKnownFileType = "compiled.mach-o.objfile"; path = ft_strlen.o; sourceTree = "<group>"; };
		EC2D012E21621D7C00E6E98A /* ft_striter.o */ = {isa = PBXFileReference; lastKnownFileType = "compiled.mach-o.objfile"; path = ft_striter.o; sourceTree = "<group>"; };
		EC2D012F21621D7C00E6E98A /* ft_strmapi.c */ = {isa = PBXFileReference; lastKnownFileType = sourcecode.c.c; path = ft_strmapi.c; sourceTree = "<group>"; };
		EC2D013021621D7C00E6E98A /* ft_tolower.o */ = {isa = PBXFileReference; lastKnownFileType = "compiled.mach-o.objfile"; path = ft_tolower.o; sourceTree = "<group>"; };
		EC2D013121621D7C00E6E98A /* ft_putchar_fd.o */ = {isa = PBXFileReference; lastKnownFileType = "compiled.mach-o.objfile"; path = ft_putchar_fd.o; sourceTree = "<group>"; };
		EC2D013221621D7C00E6E98A /* ft_strncat.o */ = {isa = PBXFileReference; lastKnownFileType = "compiled.mach-o.objfile"; path = ft_strncat.o; sourceTree = "<group>"; };
		EC2D013321621D7C00E6E98A /* ft_strequ.o */ = {isa = PBXFileReference; lastKnownFileType = "compiled.mach-o.objfile"; path = ft_strequ.o; sourceTree = "<group>"; };
		EC2D013421621D7C00E6E98A /* ft_strjoinch.o */ = {isa = PBXFileReference; lastKnownFileType = "compiled.mach-o.objfile"; path = ft_strjoinch.o; sourceTree = "<group>"; };
		EC2D013521621D7C00E6E98A /* ft_isprint.c */ = {isa = PBXFileReference; lastKnownFileType = sourcecode.c.c; path = ft_isprint.c; sourceTree = "<group>"; };
		EC2D013621621D7C00E6E98A /* libft.a */ = {isa = PBXFileReference; lastKnownFileType = archive.ar; path = libft.a; sourceTree = "<group>"; };
		EC2D013721621D7C00E6E98A /* ft_lstdel.c */ = {isa = PBXFileReference; lastKnownFileType = sourcecode.c.c; path = ft_lstdel.c; sourceTree = "<group>"; };
		EC2D013821621D7C00E6E98A /* ft_putstr_fd.o */ = {isa = PBXFileReference; lastKnownFileType = "compiled.mach-o.objfile"; path = ft_putstr_fd.o; sourceTree = "<group>"; };
		EC2D013921621D7C00E6E98A /* ft_strchr.c */ = {isa = PBXFileReference; lastKnownFileType = sourcecode.c.c; path = ft_strchr.c; sourceTree = "<group>"; };
		EC2D013A21621D7C00E6E98A /* ft_strcmp.o */ = {isa = PBXFileReference; lastKnownFileType = "compiled.mach-o.objfile"; path = ft_strcmp.o; sourceTree = "<group>"; };
		EC2D013B21621D7C00E6E98A /* ft_strnequ.o */ = {isa = PBXFileReference; lastKnownFileType = "compiled.mach-o.objfile"; path = ft_strnequ.o; sourceTree = "<group>"; };
		EC2D013C21621D7C00E6E98A /* ft_memcpy.o */ = {isa = PBXFileReference; lastKnownFileType = "compiled.mach-o.objfile"; path = ft_memcpy.o; sourceTree = "<group>"; };
		EC2D013D21621D7C00E6E98A /* ft_strcpy.o */ = {isa = PBXFileReference; lastKnownFileType = "compiled.mach-o.objfile"; path = ft_strcpy.o; sourceTree = "<group>"; };
		EC2D013E21621D7C00E6E98A /* ft_strtrim.o */ = {isa = PBXFileReference; lastKnownFileType = "compiled.mach-o.objfile"; path = ft_strtrim.o; sourceTree = "<group>"; };
		EC2D013F21621D7C00E6E98A /* ft_strnstr.o */ = {isa = PBXFileReference; lastKnownFileType = "compiled.mach-o.objfile"; path = ft_strnstr.o; sourceTree = "<group>"; };
		EC2D014021621D7C00E6E98A /* ft_copyuntil.o */ = {isa = PBXFileReference; lastKnownFileType = "compiled.mach-o.objfile"; path = ft_copyuntil.o; sourceTree = "<group>"; };
/* End PBXFileReference section */

/* Begin PBXGroup section */
		EC2D00B521621D7C00E6E98A = {
			isa = PBXGroup;
			children = (
				EC2D00BB21621D7C00E6E98A /* ft_countwords.c */,
				EC2D00BC21621D7C00E6E98A /* ft_strrchr.c */,
				EC2D00BD21621D7C00E6E98A /* ft_copyuntil.c */,
				EC2D00BE21621D7C00E6E98A /* ft_lstnew.o */,
				EC2D00BF21621D7C00E6E98A /* ft_putstr.c */,
				EC2D00C021621D7C00E6E98A /* ft_strnew.o */,
				EC2D00C121621D7C00E6E98A /* ft_strcmp.c */,
				EC2D00C221621D7C00E6E98A /* ft_capitalize.c */,
				EC2D00C321621D7C00E6E98A /* ft_lstadd.o */,
				EC2D00C421621D7C00E6E98A /* ft_strlcat.c */,
				EC2D00C521621D7C00E6E98A /* .ft_strncpy.c.swp */,
				EC2D00C621621D7C00E6E98A /* ft_strmapi.o */,
				EC2D00C721621D7C00E6E98A /* .DS_Store */,
				EC2D00C821621D7C00E6E98A /* ft_wcount.c */,
				EC2D00C921621D7C00E6E98A /* ft_memcpy.c */,
				EC2D00CA21621D7C00E6E98A /* ft_realloc.c */,
				EC2D00CB21621D7C00E6E98A /* ft_strjoin.o */,
				EC2D00CC21621D7C00E6E98A /* ft_putnbr_fd.o */,
				EC2D00CD21621D7C00E6E98A /* ft_lstdelone.o */,
				EC2D00CE21621D7C00E6E98A /* ft_strncpy.o */,
				EC2D00CF21621D7C00E6E98A /* ft_memmove.c */,
				EC2D00D021621D7C00E6E98A /* ft_strsplit.c */,
				EC2D00D121621D7C00E6E98A /* ft_strdup.o */,
				EC2D00D221621D7C00E6E98A /* ft_strncpy.c */,
				EC2D00D321621D7C00E6E98A /* ft_memmove.o */,
				EC2D00D421621D7C00E6E98A /* ft_strchr.o */,
				EC2D00D521621D7C00E6E98A /* ft_lstmap.c */,
				EC2D00D621621D7C00E6E98A /* ft_wcount.o */,
				EC2D00D721621D7C00E6E98A /* ft_lstadd.c */,
				EC2D00D821621D7C00E6E98A /* ft_strjoinch.c */,
				EC2D00D921621D7C00E6E98A /* ft_striter.c */,
				EC2D00DA21621D7C00E6E98A /* ft_putendl_fd.o */,
				EC2D00DB21621D7C00E6E98A /* ft_strstr.c */,
				EC2D00DC21621D7C00E6E98A /* ft_atoi.o */,
				EC2D00DD21621D7C00E6E98A /* ft_isdigit.c */,
				EC2D00DE21621D7C00E6E98A /* ft_free_array.c */,
				EC2D00DF21621D7C00E6E98A /* ft_memchr.o */,
				EC2D00E021621D7C00E6E98A /* ft_putnbr.c */,
				EC2D00E121621D7C00E6E98A /* ft_memccpy.c */,
				EC2D00E221621D7C00E6E98A /* ft_strdel.c */,
				EC2D00E321621D7C00E6E98A /* .ft_bzero.c.swp */,
				EC2D00E421621D7C00E6E98A /* ft_lstdel.o */,
				EC2D00E521621D7C00E6E98A /* ft_isalpha.o */,
				EC2D00E621621D7C00E6E98A /* ft_strdel.o */,
				EC2D00E721621D7C00E6E98A /* ft_lstmap.o */,
				EC2D00E821621D7C00E6E98A /* ft_memchr.c */,
				EC2D00E921621D7C00E6E98A /* ft_bzero.c */,
				EC2D00EA21621D7C00E6E98A /* ft_putendl.o */,
				EC2D00EB21621D7C00E6E98A /* ft_isalnum.c */,
				EC2D00EC21621D7C00E6E98A /* ft_isascii.o */,
				EC2D00ED21621D7C00E6E98A /* ft_putstr_fd.c */,
				EC2D00EE21621D7C00E6E98A /* ft_memcmp.o */,
				EC2D00EF21621D7C00E6E98A /* ft_countwords.o */,
				EC2D00F021621D7C00E6E98A /* Makefile */,
				EC2D00F121621D7C00E6E98A /* ft_strcat.o */,
				EC2D00F221621D7C00E6E98A /* ft_memset.o */,
				EC2D00F321621D7C00E6E98A /* ft_lstiter.c */,
				EC2D00F421621D7C00E6E98A /* ft_lstdelone.c */,
				EC2D00F521621D7C00E6E98A /* ft_toupper.c */,
				EC2D00F621621D7C00E6E98A /* ft_isprint.o */,
				EC2D00F721621D7C00E6E98A /* ft_strcpy.c */,
				EC2D00F821621D7C00E6E98A /* ft_lstnew.c */,
				EC2D00F921621D7C00E6E98A /* ft_lstiter.o */,
				EC2D00FA21621D7C00E6E98A /* ft_strdup.c */,
				EC2D00FB21621D7C00E6E98A /* ft_putnbr_fd.c */,
				EC2D00FC21621D7C00E6E98A /* ft_itoa.o */,
				EC2D00FD21621D7C00E6E98A /* ft_striteri.c */,
				EC2D00FE21621D7C00E6E98A /* ft_putnbr.o */,
				EC2D00FF21621D7C00E6E98A /* ft_strmap.c */,
				EC2D010021621D7C00E6E98A /* ft_putendl_fd.c */,
				EC2D010121621D7C00E6E98A /* ft_memdel.c */,
				EC2D010221621D7C00E6E98A /* ft_strnstr.c */,
				EC2D010321621D7C00E6E98A /* ft_putchar.c */,
				EC2D010421621D7C00E6E98A /* ft_memccpy.o */,
				EC2D010521621D7C00E6E98A /* author */,
				EC2D010621621D7C00E6E98A /* ft_isascii.c */,
				EC2D010721621D7C00E6E98A /* ft_strlen.c */,
				EC2D010821621D7C00E6E98A /* ft_isalnum.o */,
				EC2D010921621D7C00E6E98A /* ft_strsub.c */,
				EC2D010A21621D7C00E6E98A /* ft_putstr.o */,
				EC2D010B21621D7C00E6E98A /* ft_strrchr.o */,
				EC2D010C21621D7C00E6E98A /* ft_strnew.c */,
				EC2D010D21621D7C00E6E98A /* ft_memalloc.o */,
				EC2D010E21621D7C00E6E98A /* ft_memalloc.c */,
				EC2D010F21621D7C00E6E98A /* ft_putendl.c */,
				EC2D011021621D7C00E6E98A /* ft_strclr.o */,
				EC2D011121621D7C00E6E98A /* ft_strlcat.o */,
				EC2D011221621D7C00E6E98A /* ft_strncat.c */,
				EC2D011321621D7C00E6E98A /* ft_itoa.c */,
				EC2D011421621D7C00E6E98A /* ft_strsub.o */,
				EC2D011521621D7C00E6E98A /* ft_strstr.o */,
				EC2D011621621D7C00E6E98A /* ft_strmap.o */,
				EC2D011721621D7C00E6E98A /* ft_strncmp.c */,
				EC2D011821621D7C00E6E98A /* ft_isdigit.o */,
				EC2D011921621D7C00E6E98A /* ft_strncmp.o */,
				EC2D011A21621D7C00E6E98A /* ft_memcmp.c */,
				EC2D011B21621D7C00E6E98A /* ft_putchar.o */,
				EC2D011C21621D7C00E6E98A /* ft_strtrim.c */,
				EC2D011D21621D7C00E6E98A /* ft_strequ.c */,
				EC2D011E21621D7C00E6E98A /* ft_putchar_fd.c */,
				EC2D011F21621D7C00E6E98A /* ft_memset.c */,
				EC2D012021621D7C00E6E98A /* ft_isalpha.c */,
				EC2D012121621D7C00E6E98A /* ft_strcat.c */,
				EC2D012221621D7C00E6E98A /* ft_tolower.c */,
				EC2D012321621D7C00E6E98A /* ft_toupper.o */,
				EC2D012421621D7C00E6E98A /* ft_striteri.o */,
				EC2D012521621D7C00E6E98A /* ft_memdel.o */,
				EC2D012621621D7C00E6E98A /* ft_strsplit.o */,
				EC2D012721621D7C00E6E98A /* ft_strnequ.c */,
				EC2D012821621D7C00E6E98A /* ft_strjoin.c */,
				EC2D012921621D7C00E6E98A /* ft_atoi.c */,
				EC2D012A21621D7C00E6E98A /* includes */,
				EC2D012B21621D7C00E6E98A /* ft_strclr.c */,
				EC2D012C21621D7C00E6E98A /* ft_bzero.o */,
				EC2D012D21621D7C00E6E98A /* ft_strlen.o */,
				EC2D012E21621D7C00E6E98A /* ft_striter.o */,
				EC2D012F21621D7C00E6E98A /* ft_strmapi.c */,
				EC2D013021621D7C00E6E98A /* ft_tolower.o */,
				EC2D013121621D7C00E6E98A /* ft_putchar_fd.o */,
				EC2D013221621D7C00E6E98A /* ft_strncat.o */,
				EC2D013321621D7C00E6E98A /* ft_strequ.o */,
				EC2D013421621D7C00E6E98A /* ft_strjoinch.o */,
				EC2D013521621D7C00E6E98A /* ft_isprint.c */,
				EC2D013621621D7C00E6E98A /* libft.a */,
				EC2D013721621D7C00E6E98A /* ft_lstdel.c */,
				EC2D013821621D7C00E6E98A /* ft_putstr_fd.o */,
				EC2D013921621D7C00E6E98A /* ft_strchr.c */,
				EC2D013A21621D7C00E6E98A /* ft_strcmp.o */,
				EC2D013B21621D7C00E6E98A /* ft_strnequ.o */,
				EC2D013C21621D7C00E6E98A /* ft_memcpy.o */,
				EC2D013D21621D7C00E6E98A /* ft_strcpy.o */,
				EC2D013E21621D7C00E6E98A /* ft_strtrim.o */,
				EC2D013F21621D7C00E6E98A /* ft_strnstr.o */,
				EC2D014021621D7C00E6E98A /* ft_copyuntil.o */,
			);
			sourceTree = "<group>";
		};
/* End PBXGroup section */

/* Begin PBXLegacyTarget section */
		EC2D00BA21621D7C00E6E98A /* libft */ = {
			isa = PBXLegacyTarget;
			buildArgumentsString = "$(ACTION)";
			buildConfigurationList = EC2D014121621D7C00E6E98A /* Build configuration list for PBXLegacyTarget "libft" */;
			buildPhases = (
			);
			buildToolPath = /usr/bin/make;
			buildWorkingDirectory = "/nfs/2018/c/cflores-/Documents/42/get_next_line/libft";
			dependencies = (
			);
			name = libft;
			passBuildSettingsInEnvironment = 1;
			productName = libft;
		};
/* End PBXLegacyTarget section */

/* Begin PBXProject section */
		EC2D00B621621D7C00E6E98A /* Project object */ = {
			isa = PBXProject;
			attributes = {
			};
			buildConfigurationList = EC2D00B921621D7C00E6E98A /* Build configuration list for PBXProject "libft" */;
			compatibilityVersion = "Xcode 8.0";
			developmentRegion = en;
			hasScannedForEncodings = 0;
			knownRegions = (
				en,
			);
			mainGroup = EC2D00B521621D7C00E6E98A;
			projectDirPath = "";
			projectRoot = "";
			targets = (
				EC2D00BA21621D7C00E6E98A /* libft */,
			);
		};
/* End PBXProject section */

/* Begin XCBuildConfiguration section */
		EC2D00B721621D7C00E6E98A /* Debug */ = {
			isa = XCBuildConfiguration;
			buildSettings = {
				ARCHS = "$(ARCHS_STANDARD_32_BIT)";
				COPY_PHASE_STRIP = NO;
				GCC_WARN_ABOUT_RETURN_TYPE = YES;
				GCC_WARN_UNUSED_VARIABLE = YES;
				ONLY_ACTIVE_ARCH = YES;
				SDKROOT = macosx10.6;
			};
			name = Debug;
		};
		EC2D00B821621D7C00E6E98A /* Release */ = {
			isa = XCBuildConfiguration;
			buildSettings = {
				ARCHS = "$(ARCHS_STANDARD_32_BIT)";
				COPY_PHASE_STRIP = YES;
				GCC_WARN_ABOUT_RETURN_TYPE = YES;
				GCC_WARN_UNUSED_VARIABLE = YES;
				SDKROOT = macosx10.6;
			};
			name = Release;
		};
		EC2D014221621D7C00E6E98A /* Debug */ = {
			isa = XCBuildConfiguration;
			buildSettings = {
				COPY_PHASE_STRIP = NO;
				DEBUGGING_SYMBOLS = YES;
				GCC_DYNAMIC_NO_PIC = NO;
				GCC_ENABLE_FIX_AND_CONTINUE = YES;
				GCC_GENERATE_DEBUGGING_SYMBOLS = YES;
				GCC_OPTIMIZATION_LEVEL = 0;
				OTHER_CFLAGS = "";
				OTHER_LDFLAGS = "";
				PRODUCT_NAME = libft;
			};
			name = Debug;
		};
		EC2D014321621D7C00E6E98A /* Release */ = {
			isa = XCBuildConfiguration;
			buildSettings = {
				COPY_PHASE_STRIP = YES;
				DEBUG_INFORMATION_FORMAT = "dwarf-with-dsym";
				GCC_ENABLE_FIX_AND_CONTINUE = NO;
				OTHER_CFLAGS = "";
				OTHER_LDFLAGS = "";
				PRODUCT_NAME = libft;
			};
			name = Release;
		};
/* End XCBuildConfiguration section */

/* Begin XCConfigurationList section */
		EC2D00B921621D7C00E6E98A /* Build configuration list for PBXProject "libft" */ = {
			isa = XCConfigurationList;
			buildConfigurations = (
				EC2D00B721621D7C00E6E98A /* Debug */,
				EC2D00B821621D7C00E6E98A /* Release */,
			);
			defaultConfigurationIsVisible = 0;
			defaultConfigurationName = Release;
		};
		EC2D014121621D7C00E6E98A /* Build configuration list for PBXLegacyTarget "libft" */ = {
			isa = XCConfigurationList;
			buildConfigurations = (
				EC2D014221621D7C00E6E98A /* Debug */,
				EC2D014321621D7C00E6E98A /* Release */,
			);
			defaultConfigurationIsVisible = 0;
			defaultConfigurationName = Release;
		};
/* End XCConfigurationList section */
	};
	rootObject = EC2D00B621621D7C00E6E98A /* Project object */;
}
